
Microsoft Visual Studio Solution File, Format Version 12.00
# Visual Studio Version 18
VisualStudioVersion = 18.5.11716.220
MinimumVisualStudioVersion = 10.0.40219.1
Project("{FAE04EC0-301F-11D3-BF4B-00C04F79EFBC}") = "WebMethodAdaptor.Server", "WebMethodAdaptor.Server\WebMethodAdaptor.Server.csproj", "{E400EC86-947F-1CC2-7F1F-04F55DF6DABE}"
EndProject
Project("{54A90642-561A-4BB1-A94E-469ADEE60C69}") = "WebMethodAdaptor.client", "WebMethodAdaptor.client\WebMethodAdaptor.client.esproj", "{0E00DE33-2ABC-1AC6-C50A-0ECB5DFBB40A}"
EndProject
Global
	GlobalSection(SolutionConfigurationPlatforms) = preSolution
		Debug|Any CPU = Debug|Any CPU
		Release|Any CPU = Release|Any CPU
	EndGlobalSection
	GlobalSection(ProjectConfigurationPlatforms) = postSolution
		{E400EC86-947F-1CC2-7F1F-04F55DF6DABE}.Debug|Any CPU.ActiveCfg = Debug|Any CPU
		{E400EC86-947F-1CC2-7F1F-04F55DF6DABE}.Debug|Any CPU.Build.0 = Debug|Any CPU
		{E400EC86-947F-1CC2-7F1F-04F55DF6DABE}.Release|Any CPU.ActiveCfg = Release|Any CPU
		{E400EC86-947F-1CC2-7F1F-04F55DF6DABE}.Release|Any CPU.Build.0 = Release|Any CPU
		{0E00DE33-2ABC-1AC6-C50A-0ECB5DFBB40A}.Debug|Any CPU.ActiveCfg = Debug|Any CPU
		{0E00DE33-2ABC-1AC6-C50A-0ECB5DFBB40A}.Debug|Any CPU.Build.0 = Debug|Any CPU
		{0E00DE33-2ABC-1AC6-C50A-0ECB5DFBB40A}.Debug|Any CPU.Deploy.0 = Debug|Any CPU
		{0E00DE33-2ABC-1AC6-C50A-0ECB5DFBB40A}.Release|Any CPU.ActiveCfg = Release|Any CPU
		{0E00DE33-2ABC-1AC6-C50A-0ECB5DFBB40A}.Release|Any CPU.Build.0 = Release|Any CPU
		{0E00DE33-2ABC-1AC6-C50A-0ECB5DFBB40A}.Release|Any CPU.Deploy.0 = Release|Any CPU
	EndGlobalSection
	GlobalSection(SolutionProperties) = preSolution
		HideSolutionNode = FALSE
	EndGlobalSection
	GlobalSection(ExtensibilityGlobals) = postSolution
		SolutionGuid = {5072375E-2519-48BC-8416-856B12FDC326}
	EndGlobalSection
EndGlobal
